
Microsoft Visual Studio Solution File, Format Version 12.00
# Visual Studio Version 17
VisualStudioVersion = 17.14.36203.30 d17.14
MinimumVisualStudioVersion = 10.0.40219.1
Project("{FAE04EC0-301F-11D3-BF4B-00C04F79EFBC}") = "BasicAsyncServerProject", "BasicAsyncServerProject\BasicAsyncServerProject.csproj", "{43764C83-FF4B-456E-A106-6106ADBEBF17}"
EndProject
Global
	GlobalSection(SolutionConfigurationPlatforms) = preSolution
		Debug|Any CPU = Debug|Any CPU
		Release|Any CPU = Release|Any CPU
	EndGlobalSection
	GlobalSection(ProjectConfigurationPlatforms) = postSolution
		{43764C83-FF4B-456E-A106-6106ADBEBF17}.Debug|Any CPU.ActiveCfg = Debug|Any CPU
		{43764C83-FF4B-456E-A106-6106ADBEBF17}.Debug|Any CPU.Build.0 = Debug|Any CPU
		{43764C83-FF4B-456E-A106-6106ADBEBF17}.Release|Any CPU.ActiveCfg = Release|Any CPU
		{43764C83-FF4B-456E-A106-6106ADBEBF17}.Release|Any CPU.Build.0 = Release|Any CPU
	EndGlobalSection
	GlobalSection(SolutionProperties) = preSolution
		HideSolutionNode = FALSE
	EndGlobalSection
	GlobalSection(ExtensibilityGlobals) = postSolution
		SolutionGuid = {FA491A2E-1E4B-4D8E-AEDB-A3F2F6937FD6}
	EndGlobalSection
EndGlobal
